
Microsoft Visual Studio Solution File, Format Version 12.00
# Visual Studio 14
VisualStudioVersion = 14.0.25420.1
MinimumVisualStudioVersion = 10.0.40219.1
Project("{FAE04EC0-301F-11D3-BF4B-00C04F79EFBC}") = "CardGame.DAL", "CardGame.DAL\CardGame.DAL.csproj", "{EB5DD192-E1A3-4351-A680-57034ADF3708}"
EndProject
Project("{FAE04EC0-301F-11D3-BF4B-00C04F79EFBC}") = "CardGame.Web", "CardGame.Web\CardGame.Web.csproj", "{4C647F82-C659-4772-A9AD-F5E2C1093677}"
EndProject
Project("{FAE04EC0-301F-11D3-BF4B-00C04F79EFBC}") = "Cardgame.UnitTests", "Cardgame.UnitTests\Cardgame.UnitTests.csproj", "{83A96E10-D94C-4A3A-9BAA-0FEC874C4173}"
EndProject
Project("{FAE04EC0-301F-11D3-BF4B-00C04F79EFBC}") = "CardGame.Log", "CardGame.Log\CardGame.Log.csproj", "{1465BCEA-CCAC-4ACE-A7A0-C50C30A205A5}"
EndProject
Global
	GlobalSection(SolutionConfigurationPlatforms) = preSolution
		Debug|Any CPU = Debug|Any CPU
		Release|Any CPU = Release|Any CPU
	EndGlobalSection
	GlobalSection(ProjectConfigurationPlatforms) = postSolution
		{EB5DD192-E1A3-4351-A680-57034ADF3708}.Debug|Any CPU.ActiveCfg = Debug|Any CPU
		{EB5DD192-E1A3-4351-A680-57034ADF3708}.Debug|Any CPU.Build.0 = Debug|Any CPU
		{EB5DD192-E1A3-4351-A680-57034ADF3708}.Release|Any CPU.ActiveCfg = Release|Any CPU
		{EB5DD192-E1A3-4351-A680-57034ADF3708}.Release|Any CPU.Build.0 = Release|Any CPU
		{4C647F82-C659-4772-A9AD-F5E2C1093677}.Debug|Any CPU.ActiveCfg = Debug|Any CPU
		{4C647F82-C659-4772-A9AD-F5E2C1093677}.Debug|Any CPU.Build.0 = Debug|Any CPU
		{4C647F82-C659-4772-A9AD-F5E2C1093677}.Release|Any CPU.ActiveCfg = Release|Any CPU
		{4C647F82-C659-4772-A9AD-F5E2C1093677}.Release|Any CPU.Build.0 = Release|Any CPU
		{83A96E10-D94C-4A3A-9BAA-0FEC874C4173}.Debug|Any CPU.ActiveCfg = Debug|Any CPU
		{83A96E10-D94C-4A3A-9BAA-0FEC874C4173}.Debug|Any CPU.Build.0 = Debug|Any CPU
		{83A96E10-D94C-4A3A-9BAA-0FEC874C4173}.Release|Any CPU.ActiveCfg = Release|Any CPU
		{83A96E10-D94C-4A3A-9BAA-0FEC874C4173}.Release|Any CPU.Build.0 = Release|Any CPU
		{1465BCEA-CCAC-4ACE-A7A0-C50C30A205A5}.Debug|Any CPU.ActiveCfg = Debug|Any CPU
		{1465BCEA-CCAC-4ACE-A7A0-C50C30A205A5}.Debug|Any CPU.Build.0 = Debug|Any CPU
		{1465BCEA-CCAC-4ACE-A7A0-C50C30A205A5}.Release|Any CPU.ActiveCfg = Release|Any CPU
		{1465BCEA-CCAC-4ACE-A7A0-C50C30A205A5}.Release|Any CPU.Build.0 = Release|Any CPU
	EndGlobalSection
	GlobalSection(SolutionProperties) = preSolution
		HideSolutionNode = FALSE
	EndGlobalSection
EndGlobal
