
Microsoft Visual Studio Solution File, Format Version 12.00
# Visual Studio 14
VisualStudioVersion = 14.0.25420.1
MinimumVisualStudioVersion = 10.0.40219.1
Project("{FAE04EC0-301F-11D3-BF4B-00C04F79EFBC}") = "CardGame_v2.Web", "CardGame_v2.Web\CardGame_v2.Web.csproj", "{D75BD981-A122-49D0-AA8F-10533EECDBBA}"
EndProject
Project("{FAE04EC0-301F-11D3-BF4B-00C04F79EFBC}") = "CardGame_v2.DAL", "CardGame_v2.DAL\CardGame_v2.DAL.csproj", "{A1F97220-6430-4F77-AA1F-77866C3C734F}"
EndProject
Project("{FAE04EC0-301F-11D3-BF4B-00C04F79EFBC}") = "CardGame_v2.Log", "CardGame_v2.Log\CardGame_v2.Log.csproj", "{4DBAEA3B-A288-4564-904E-D07FA7DFEDF3}"
EndProject
Global
	GlobalSection(SolutionConfigurationPlatforms) = preSolution
		Debug|Any CPU = Debug|Any CPU
		Release|Any CPU = Release|Any CPU
	EndGlobalSection
	GlobalSection(ProjectConfigurationPlatforms) = postSolution
		{D75BD981-A122-49D0-AA8F-10533EECDBBA}.Debug|Any CPU.ActiveCfg = Debug|Any CPU
		{D75BD981-A122-49D0-AA8F-10533EECDBBA}.Debug|Any CPU.Build.0 = Debug|Any CPU
		{D75BD981-A122-49D0-AA8F-10533EECDBBA}.Release|Any CPU.ActiveCfg = Release|Any CPU
		{D75BD981-A122-49D0-AA8F-10533EECDBBA}.Release|Any CPU.Build.0 = Release|Any CPU
		{A1F97220-6430-4F77-AA1F-77866C3C734F}.Debug|Any CPU.ActiveCfg = Debug|Any CPU
		{A1F97220-6430-4F77-AA1F-77866C3C734F}.Debug|Any CPU.Build.0 = Debug|Any CPU
		{A1F97220-6430-4F77-AA1F-77866C3C734F}.Release|Any CPU.ActiveCfg = Release|Any CPU
		{A1F97220-6430-4F77-AA1F-77866C3C734F}.Release|Any CPU.Build.0 = Release|Any CPU
		{4DBAEA3B-A288-4564-904E-D07FA7DFEDF3}.Debug|Any CPU.ActiveCfg = Debug|Any CPU
		{4DBAEA3B-A288-4564-904E-D07FA7DFEDF3}.Debug|Any CPU.Build.0 = Debug|Any CPU
		{4DBAEA3B-A288-4564-904E-D07FA7DFEDF3}.Release|Any CPU.ActiveCfg = Release|Any CPU
		{4DBAEA3B-A288-4564-904E-D07FA7DFEDF3}.Release|Any CPU.Build.0 = Release|Any CPU
	EndGlobalSection
	GlobalSection(SolutionProperties) = preSolution
		HideSolutionNode = FALSE
	EndGlobalSection
EndGlobal
